// !$*UTF8*$!
{
	archiveVersion = 1;
	classes = {
	};
	objectVersion = 56;
	objects = {

/* Begin PBXBuildFile section */
		BAACCD782BAA2BE800A5E77B /* AppDelegate.swift in Sources */ = {isa = PBXBuildFile; fileRef = BAACCD772BAA2BE800A5E77B /* AppDelegate.swift */; };
		BAACCD7A2BAA2BE800A5E77B /* SceneDelegate.swift in Sources */ = {isa = PBXBuildFile; fileRef = BAACCD792BAA2BE800A5E77B /* SceneDelegate.swift */; };
		BAACCD7C2BAA2BE800A5E77B /* ViewController.swift in Sources */ = {isa = PBXBuildFile; fileRef = BAACCD7B2BAA2BE800A5E77B /* ViewController.swift */; };
		BAACCD7F2BAA2BE800A5E77B /* Main.storyboard in Resources */ = {isa = PBXBuildFile; fileRef = BAACCD7D2BAA2BE800A5E77B /* Main.storyboard */; };
		BAACCD812BAA2BE900A5E77B /* Assets.xcassets in Resources */ = {isa = PBXBuildFile; fileRef = BAACCD802BAA2BE900A5E77B /* Assets.xcassets */; };
		BAACCD842BAA2BE900A5E77B /* LaunchScreen.storyboard in Resources */ = {isa = PBXBuildFile; fileRef = BAACCD822BAA2BE900A5E77B /* LaunchScreen.storyboard */; };
/* End PBXBuildFile section */

/* Begin PBXFileReference section */
		BAACCD742BAA2BE800A5E77B /* Dhrutiben_Dalwadi_Lab7_8968192.app */ = {isa = PBXFileReference; explicitFileType = wrapper.application; includeInIndex = 0; path = Dhrutiben_Dalwadi_Lab7_8968192.app; sourceTree = BUILT_PRODUCTS_DIR; };
		BAACCD772BAA2BE800A5E77B /* AppDelegate.swift */ = {isa = PBXFileReference; lastKnownFileType = sourcecode.swift; path = AppDelegate.swift; sourceTree = "<group>"; };
		BAACCD792BAA2BE800A5E77B /* SceneDelegate.swift */ = {isa = PBXFileReference; lastKnownFileType = sourcecode.swift; path = SceneDelegate.swift; sourceTree = "<group>"; };
		BAACCD7B2BAA2BE800A5E77B /* ViewController.swift */ = {isa = PBXFileReference; lastKnownFileType = sourcecode.swift; path = ViewController.swift; sourceTree = "<group>"; };
		BAACCD7E2BAA2BE800A5E77B /* Base */ = {isa = PBXFileReference; lastKnownFileType = file.storyboard; name = Base; path = Base.lproj/Main.storyboard; sourceTree = "<group>"; };
		BAACCD802BAA2BE900A5E77B /* Assets.xcassets */ = {isa = PBXFileReference; lastKnownFileType = folder.assetcatalog; path = Assets.xcassets; sourceTree = "<group>"; };
		BAACCD832BAA2BE900A5E77B /* Base */ = {isa = PBXFileReference; lastKnownFileType = file.storyboard; name = Base; path = Base.lproj/LaunchScreen.storyboard; sourceTree = "<group>"; };
		BAACCD852BAA2BE900A5E77B /* Info.plist */ = {isa = PBXFileReference; lastKnownFileType = text.plist.xml; path = Info.plist; sourceTree = "<group>"; };
/* End PBXFileReference section */

/* Begin PBXFrameworksBuildPhase section */
		BAACCD712BAA2BE800A5E77B /* Frameworks */ = {
			isa = PBXFrameworksBuildPhase;
			buildActionMask = 2147483647;
			files = (
			);
			runOnlyForDeploymentPostprocessing = 0;
		};
/* End PBXFrameworksBuildPhase section */

/* Begin PBXGroup section */
		BAACCD6B2BAA2BE800A5E77B = {
			isa = PBXGroup;
			children = (
				BAACCD762BAA2BE800A5E77B /* Dhrutiben_Dalwadi_Lab7_8968192 */,
				BAACCD752BAA2BE800A5E77B /* Products */,
			);
			sourceTree = "<group>";
		};
		BAACCD752BAA2BE800A5E77B /* Products */ = {
			isa = PBXGroup;
			children = (
				BAACCD742BAA2BE800A5E77B /* Dhrutiben_Dalwadi_Lab7_8968192.app */,
			);
			name = Products;
			sourceTree = "<group>";
		};
		BAACCD762BAA2BE800A5E77B /* Dhrutiben_Dalwadi_Lab7_8968192 */ = {
			isa = PBXGroup;
			children = (
				BAACCD772BAA2BE800A5E77B /* AppDelegate.swift */,
				BAACCD792BAA2BE800A5E77B /* SceneDelegate.swift */,
				BAACCD7B2BAA2BE800A5E77B /* ViewController.swift */,
				BAACCD7D2BAA2BE800A5E77B /* Main.storyboard */,
				BAACCD802BAA2BE900A5E77B /* Assets.xcassets */,
				BAACCD822BAA2BE900A5E77B /* LaunchScreen.storyboard */,
				BAACCD852BAA2BE900A5E77B /* Info.plist */,
			);
			path = Dhrutiben_Dalwadi_Lab7_8968192;
			sourceTree = "<group>";
		};
/* End PBXGroup section */

/* Begin PBXNativeTarget section */
		BAACCD732BAA2BE800A5E77B /* Dhrutiben_Dalwadi_Lab7_8968192 */ = {
			isa = PBXNativeTarget;
			buildConfigurationList = BAACCD882BAA2BE900A5E77B /* Build configuration list for PBXNativeTarget "Dhrutiben_Dalwadi_Lab7_8968192" */;
			buildPhases = (
				BAACCD702BAA2BE800A5E77B /* Sources */,
				BAACCD712BAA2BE800A5E77B /* Frameworks */,
				BAACCD722BAA2BE800A5E77B /* Resources */,
			);
			buildRules = (
			);
			dependencies = (
			);
			name = Dhrutiben_Dalwadi_Lab7_8968192;
			productName = Dhrutiben_Dalwadi_Lab7_8968192;
			productReference = BAACCD742BAA2BE800A5E77B /* Dhrutiben_Dalwadi_Lab7_8968192.app */;
			productType = "com.apple.product-type.application";
		};
/* End PBXNativeTarget section */

/* Begin PBXProject section */
		BAACCD6C2BAA2BE800A5E77B /* Project object */ = {
			isa = PBXProject;
			attributes = {
				BuildIndependentTargetsInParallel = 1;
				LastSwiftUpdateCheck = 1420;
				LastUpgradeCheck = 1420;
				TargetAttributes = {
					BAACCD732BAA2BE800A5E77B = {
						CreatedOnToolsVersion = 14.2;
					};
				};
			};
			buildConfigurationList = BAACCD6F2BAA2BE800A5E77B /* Build configuration list for PBXProject "Dhrutiben_Dalwadi_Lab7_8968192" */;
			compatibilityVersion = "Xcode 14.0";
			developmentRegion = en;
			hasScannedForEncodings = 0;
			knownRegions = (
				en,
				Base,
			);
			mainGroup = BAACCD6B2BAA2BE800A5E77B;
			productRefGroup = BAACCD752BAA2BE800A5E77B /* Products */;
			projectDirPath = "";
			projectRoot = "";
			targets = (
				BAACCD732BAA2BE800A5E77B /* Dhrutiben_Dalwadi_Lab7_8968192 */,
			);
		};
/* End PBXProject section */

/* Begin PBXResourcesBuildPhase section */
		BAACCD722BAA2BE800A5E77B /* Resources */ = {
			isa = PBXResourcesBuildPhase;
			buildActionMask = 2147483647;
			files = (
				BAACCD842BAA2BE900A5E77B /* LaunchScreen.storyboard in Resources */,
				BAACCD812BAA2BE900A5E77B /* Assets.xcassets in Resources */,
				BAACCD7F2BAA2BE800A5E77B /* Main.storyboard in Resources */,
			);
			runOnlyForDeploymentPostprocessing = 0;
		};
/* End PBXResourcesBuildPhase section */

/* Begin PBXSourcesBuildPhase section */
		BAACCD702BAA2BE800A5E77B /* Sources */ = {
			isa = PBXSourcesBuildPhase;
			buildActionMask = 2147483647;
			files = (
				BAACCD7C2BAA2BE800A5E77B /* ViewController.swift in Sources */,
				BAACCD782BAA2BE800A5E77B /* AppDelegate.swift in Sources */,
				BAACCD7A2BAA2BE800A5E77B /* SceneDelegate.swift in Sources */,
			);
			runOnlyForDeploymentPostprocessing = 0;
		};
/* End PBXSourcesBuildPhase section */

/* Begin PBXVariantGroup section */
		BAACCD7D2BAA2BE800A5E77B /* Main.storyboard */ = {
			isa = PBXVariantGroup;
			children = (
				BAACCD7E2BAA2BE800A5E77B /* Base */,
			);
			name = Main.storyboard;
			sourceTree = "<group>";
		};
		BAACCD822BAA2BE900A5E77B /* LaunchScreen.storyboard */ = {
			isa = PBXVariantGroup;
			children = (
				BAACCD832BAA2BE900A5E77B /* Base */,
			);
			name = LaunchScreen.storyboard;
			sourceTree = "<group>";
		};
/* End PBXVariantGroup section */

/* Begin XCBuildConfiguration section */
		BAACCD862BAA2BE900A5E77B /* Debug */ = {
			isa = XCBuildConfiguration;
			buildSettings = {
				ALWAYS_SEARCH_USER_PATHS = NO;
				CLANG_ANALYZER_NONNULL = YES;
				CLANG_ANALYZER_NUMBER_OBJECT_CONVERSION = YES_AGGRESSIVE;
				CLANG_CXX_LANGUAGE_STANDARD = "gnu++20";
				CLANG_ENABLE_MODULES = YES;
				CLANG_ENABLE_OBJC_ARC = YES;
				CLANG_ENABLE_OBJC_WEAK = YES;
				CLANG_WARN_BLOCK_CAPTURE_AUTORELEASING = YES;
				CLANG_WARN_BOOL_CONVERSION = YES;
				CLANG_WARN_COMMA = YES;
				CLANG_WARN_CONSTANT_CONVERSION = YES;
				CLANG_WARN_DEPRECATED_OBJC_IMPLEMENTATIONS = YES;
				CLANG_WARN_DIRECT_OBJC_ISA_USAGE = YES_ERROR;
				CLANG_WARN_DOCUMENTATION_COMMENTS = YES;
				CLANG_WARN_EMPTY_BODY = YES;
				CLANG_WARN_ENUM_CONVERSION = YES;
				CLANG_WARN_INFINITE_RECURSION = YES;
				CLANG_WARN_INT_CONVERSION = YES;
				CLANG_WARN_NON_LITERAL_NULL_CONVERSION = YES;
				CLANG_WARN_OBJC_IMPLICIT_RETAIN_SELF = YES;
				CLANG_WARN_OBJC_LITERAL_CONVERSION = YES;
				CLANG_WARN_OBJC_ROOT_CLASS = YES_ERROR;
				CLANG_WARN_QUOTED_INCLUDE_IN_FRAMEWORK_HEADER = YES;
				CLANG_WARN_RANGE_LOOP_ANALYSIS = YES;
				CLANG_WARN_STRICT_PROTOTYPES = YES;
				CLANG_WARN_SUSPICIOUS_MOVE = YES;
				CLANG_WARN_UNGUARDED_AVAILABILITY = YES_AGGRESSIVE;
				CLANG_WARN_UNREACHABLE_CODE = YES;
				CLANG_WARN__DUPLICATE_METHOD_MATCH = YES;
				COPY_PHASE_STRIP = NO;
				DEBUG_INFORMATION_FORMAT = dwarf;
				ENABLE_STRICT_OBJC_MSGSEND = YES;
				ENABLE_TESTABILITY = YES;
				GCC_C_LANGUAGE_STANDARD = gnu11;
				GCC_DYNAMIC_NO_PIC = NO;
				GCC_NO_COMMON_BLOCKS = YES;
				GCC_OPTIMIZATION_LEVEL = 0;
				GCC_PREPROCESSOR_DEFINITIONS = (
					"DEBUG=1",
					"$(inherited)",
				);
				GCC_WARN_64_TO_32_BIT_CONVERSION = YES;
				GCC_WARN_ABOUT_RETURN_TYPE = YES_ERROR;
				GCC_WARN_UNDECLARED_SELECTOR = YES;
				GCC_WARN_UNINITIALIZED_AUTOS = YES_AGGRESSIVE;
				GCC_WARN_UNUSED_FUNCTION = YES;
				GCC_WARN_UNUSED_VARIABLE = YES;
				IPHONEOS_DEPLOYMENT_TARGET = 16.2;
				MTL_ENABLE_DEBUG_INFO = INCLUDE_SOURCE;
				MTL_FAST_MATH = YES;
				ONLY_ACTIVE_ARCH = YES;
				SDKROOT = iphoneos;
				SWIFT_ACTIVE_COMPILATION_CONDITIONS = DEBUG;
				SWIFT_OPTIMIZATION_LEVEL = "-Onone";
			};
			name = Debug;
		};
		BAACCD872BAA2BE900A5E77B /* Release */ = {
			isa = XCBuildConfiguration;
			buildSettings = {
				ALWAYS_SEARCH_USER_PATHS = NO;
				CLANG_ANALYZER_NONNULL = YES;
				CLANG_ANALYZER_NUMBER_OBJECT_CONVERSION = YES_AGGRESSIVE;
				CLANG_CXX_LANGUAGE_STANDARD = "gnu++20";
				CLANG_ENABLE_MODULES = YES;
				CLANG_ENABLE_OBJC_ARC = YES;
				CLANG_ENABLE_OBJC_WEAK = YES;
				CLANG_WARN_BLOCK_CAPTURE_AUTORELEASING = YES;
				CLANG_WARN_BOOL_CONVERSION = YES;
				CLANG_WARN_COMMA = YES;
				CLANG_WARN_CONSTANT_CONVERSION = YES;
				CLANG_WARN_DEPRECATED_OBJC_IMPLEMENTATIONS = YES;
				CLANG_WARN_DIRECT_OBJC_ISA_USAGE = YES_ERROR;
				CLANG_WARN_DOCUMENTATION_COMMENTS = YES;
				CLANG_WARN_EMPTY_BODY = YES;
				CLANG_WARN_ENUM_CONVERSION = YES;
				CLANG_WARN_INFINITE_RECURSION = YES;
				CLANG_WARN_INT_CONVERSION = YES;
				CLANG_WARN_NON_LITERAL_NULL_CONVERSION = YES;
				CLANG_WARN_OBJC_IMPLICIT_RETAIN_SELF = YES;
				CLANG_WARN_OBJC_LITERAL_CONVERSION = YES;
				CLANG_WARN_OBJC_ROOT_CLASS = YES_ERROR;
				CLANG_WARN_QUOTED_INCLUDE_IN_FRAMEWORK_HEADER = YES;
				CLANG_WARN_RANGE_LOOP_ANALYSIS = YES;
				CLANG_WARN_STRICT_PROTOTYPES = YES;
				CLANG_WARN_SUSPICIOUS_MOVE = YES;
				CLANG_WARN_UNGUARDED_AVAILABILITY = YES_AGGRESSIVE;
				CLANG_WARN_UNREACHABLE_CODE = YES;
				CLANG_WARN__DUPLICATE_METHOD_MATCH = YES;
				COPY_PHASE_STRIP = NO;
				DEBUG_INFORMATION_FORMAT = "dwarf-with-dsym";
				ENABLE_NS_ASSERTIONS = NO;
				ENABLE_STRICT_OBJC_MSGSEND = YES;
				GCC_C_LANGUAGE_STANDARD = gnu11;
				GCC_NO_COMMON_BLOCKS = YES;
				GCC_WARN_64_TO_32_BIT_CONVERSION = YES;
				GCC_WARN_ABOUT_RETURN_TYPE = YES_ERROR;
				GCC_WARN_UNDECLARED_SELECTOR = YES;
				GCC_WARN_UNINITIALIZED_AUTOS = YES_AGGRESSIVE;
				GCC_WARN_UNUSED_FUNCTION = YES;
				GCC_WARN_UNUSED_VARIABLE = YES;
				IPHONEOS_DEPLOYMENT_TARGET = 16.2;
				MTL_ENABLE_DEBUG_INFO = NO;
				MTL_FAST_MATH = YES;
				SDKROOT = iphoneos;
				SWIFT_COMPILATION_MODE = wholemodule;
				SWIFT_OPTIMIZATION_LEVEL = "-O";
				VALIDATE_PRODUCT = YES;
			};
			name = Release;
		};
		BAACCD892BAA2BE900A5E77B /* Debug */ = {
			isa = XCBuildConfiguration;
			buildSettings = {
				ASSETCATALOG_COMPILER_APPICON_NAME = AppIcon;
				ASSETCATALOG_COMPILER_GLOBAL_ACCENT_COLOR_NAME = AccentColor;
				CODE_SIGN_STYLE = Automatic;
				CURRENT_PROJECT_VERSION = 1;
				GENERATE_INFOPLIST_FILE = YES;
				INFOPLIST_FILE = Dhrutiben_Dalwadi_Lab7_8968192/Info.plist;
				INFOPLIST_KEY_UIApplicationSupportsIndirectInputEvents = YES;
				INFOPLIST_KEY_UILaunchStoryboardName = LaunchScreen;
				INFOPLIST_KEY_UIMainStoryboardFile = Main;
				INFOPLIST_KEY_UISupportedInterfaceOrientations = UIInterfaceOrientationPortrait;
				INFOPLIST_KEY_UISupportedInterfaceOrientations_iPad = "UIInterfaceOrientationLandscapeLeft UIInterfaceOrientationLandscapeRight UIInterfaceOrientationPortrait UIInterfaceOrientationPortraitUpsideDown";
				LD_RUNPATH_SEARCH_PATHS = (
					"$(inherited)",
					"@executable_path/Frameworks",
				);
				MARKETING_VERSION = 1.0;
				PRODUCT_BUNDLE_IDENTIFIER = "Conestoga.Dhrutiben-Dalwadi-Lab7-8968192";
				PRODUCT_NAME = "$(TARGET_NAME)";
				SUPPORTED_PLATFORMS = "iphoneos iphonesimulator";
				SUPPORTS_MACCATALYST = NO;
				SUPPORTS_MAC_DESIGNED_FOR_IPHONE_IPAD = NO;
				SWIFT_EMIT_LOC_STRINGS = YES;
				SWIFT_VERSION = 5.0;
				TARGETED_DEVICE_FAMILY = 1;
			};
			name = Debug;
		};
		BAACCD8A2BAA2BE900A5E77B /* Release */ = {
			isa = XCBuildConfiguration;
			buildSettings = {
				ASSETCATALOG_COMPILER_APPICON_NAME = AppIcon;
				ASSETCATALOG_COMPILER_GLOBAL_ACCENT_COLOR_NAME = AccentColor;
				CODE_SIGN_STYLE = Automatic;
				CURRENT_PROJECT_VERSION = 1;
				GENERATE_INFOPLIST_FILE = YES;
				INFOPLIST_FILE = Dhrutiben_Dalwadi_Lab7_8968192/Info.plist;
				INFOPLIST_KEY_UIApplicationSupportsIndirectInputEvents = YES;
				INFOPLIST_KEY_UILaunchStoryboardName = LaunchScreen;
				INFOPLIST_KEY_UIMainStoryboardFile = Main;
				INFOPLIST_KEY_UISupportedInterfaceOrientations = UIInterfaceOrientationPortrait;
				INFOPLIST_KEY_UISupportedInterfaceOrientations_iPad = "UIInterfaceOrientationLandscapeLeft UIInterfaceOrientationLandscapeRight UIInterfaceOrientationPortrait UIInterfaceOrientationPortraitUpsideDown";
				LD_RUNPATH_SEARCH_PATHS = (
					"$(inherited)",
					"@executable_path/Frameworks",
				);
				MARKETING_VERSION = 1.0;
				PRODUCT_BUNDLE_IDENTIFIER = "Conestoga.Dhrutiben-Dalwadi-Lab7-8968192";
				PRODUCT_NAME = "$(TARGET_NAME)";
				SUPPORTED_PLATFORMS = "iphoneos iphonesimulator";
				SUPPORTS_MACCATALYST = NO;
				SUPPORTS_MAC_DESIGNED_FOR_IPHONE_IPAD = NO;
				SWIFT_EMIT_LOC_STRINGS = YES;
				SWIFT_VERSION = 5.0;
				TARGETED_DEVICE_FAMILY = 1;
			};
			name = Release;
		};
/* End XCBuildConfiguration section */

/* Begin XCConfigurationList section */
		BAACCD6F2BAA2BE800A5E77B /* Build configuration list for PBXProject "Dhrutiben_Dalwadi_Lab7_8968192" */ = {
			isa = XCConfigurationList;
			buildConfigurations = (
				BAACCD862BAA2BE900A5E77B /* Debug */,
				BAACCD872BAA2BE900A5E77B /* Release */,
			);
			defaultConfigurationIsVisible = 0;
			defaultConfigurationName = Release;
		};
		BAACCD882BAA2BE900A5E77B /* Build configuration list for PBXNativeTarget "Dhrutiben_Dalwadi_Lab7_8968192" */ = {
			isa = XCConfigurationList;
			buildConfigurations = (
				BAACCD892BAA2BE900A5E77B /* Debug */,
				BAACCD8A2BAA2BE900A5E77B /* Release */,
			);
			defaultConfigurationIsVisible = 0;
			defaultConfigurationName = Release;
		};
/* End XCConfigurationList section */
	};
	rootObject = BAACCD6C2BAA2BE800A5E77B /* Project object */;
}
